// !$*UTF8*$!
{
	archiveVersion = 1;
	classes = {
	};
	objectVersion = 77;
	objects = {

/* Begin PBXBuildFile section */
		03B5E452B94DA5386DC74A36 /* PingSheet.swift in Sources */ = {isa = PBXBuildFile; fileRef = B44B50F18DB9B66BCFEB8060 /* PingSheet.swift */; };
		125123BCBFABCB9EB4A53BEA /* ModelStoreTests.swift in Sources */ = {isa = PBXBuildFile; fileRef = 97B32A723E276ED3F733ACB2 /* ModelStoreTests.swift */; };
		154B9A7BF658663A09873764 /* AppDelegate.swift in Sources */ = {isa = PBXBuildFile; fileRef = 391271ECA995DA68CF47E1B8 /* AppDelegate.swift */; };
		16C023CA506F7A2439BD7726 /* SettingsView.swift in Sources */ = {isa = PBXBuildFile; fileRef = 3C313E49C170F38D115B7E22 /* SettingsView.swift */; };
		2025E52063DD98DFCBE2947A /* GGUFMetadata.swift in Sources */ = {isa = PBXBuildFile; fileRef = 0F31B617CA8019BFAC6C2FF8 /* GGUFMetadata.swift */; };
		2148459632998822C9866493 /* CatalogRefresherTests.swift in Sources */ = {isa = PBXBuildFile; fileRef = 6A0207CABC73498170DE7FF0 /* CatalogRefresherTests.swift */; };
		294AAE9056D74B73DFA51C94 /* ModelAddPlanTests.swift in Sources */ = {isa = PBXBuildFile; fileRef = B83D2B3E8DD5780934B2E1C5 /* ModelAddPlanTests.swift */; };
		2AB54DF34364E60EB414F204 /* FakeRuntime.swift in Sources */ = {isa = PBXBuildFile; fileRef = 857FE791D3A8B14C0ACD9E8F /* FakeRuntime.swift */; };
		3430F195CEBC5CF8261D57D2 /* AppStateTests.swift in Sources */ = {isa = PBXBuildFile; fileRef = CB03FA5B5C74DB6E5B963EF2 /* AppStateTests.swift */; };
		38598B650472EDA417930603 /* AddModelSheet.swift in Sources */ = {isa = PBXBuildFile; fileRef = 12DE6B42A661984D99734823 /* AddModelSheet.swift */; };
		3BCA43382C343027C7FB0981 /* DeviceInfo.swift in Sources */ = {isa = PBXBuildFile; fileRef = 5017B60F5810B38F0C09B7F3 /* DeviceInfo.swift */; };
		3D0EB48D9129E71E6B3A43E2 /* ModelStore.swift in Sources */ = {isa = PBXBuildFile; fileRef = 7E932070B21FCE331F0977B5 /* ModelStore.swift */; };
		3D4B8A0405C4485889775071 /* HealthProbe.swift in Sources */ = {isa = PBXBuildFile; fileRef = 4C78D90DD87C5908D1A1D288 /* HealthProbe.swift */; };
		3E4CFBB8E487B89E99CA3D1B /* FakeSecretStore.swift in Sources */ = {isa = PBXBuildFile; fileRef = 11EF96D4F00F64BCEE9E13B3 /* FakeSecretStore.swift */; };
		419CB9320DD2555B4214B403 /* AppInfo.swift in Sources */ = {isa = PBXBuildFile; fileRef = B81725CFCB6D74EB402C92CD /* AppInfo.swift */; };
		4264D719B78C601B5C03EB45 /* Ping.swift in Sources */ = {isa = PBXBuildFile; fileRef = 7C29DC0715805F71AA1A5599 /* Ping.swift */; };
		430E89F9BAD4B4183FB1E2F8 /* ServerControllerTests.swift in Sources */ = {isa = PBXBuildFile; fileRef = 1105E578FC33E291B560DFEE /* ServerControllerTests.swift */; };
		47DAABA1E882A6CD01680186 /* MLXMetadata.swift in Sources */ = {isa = PBXBuildFile; fileRef = 0DF36C9C4B0032D9BDA798A6 /* MLXMetadata.swift */; };
		4A67F045D85B57F300F618D5 /* MLXMetadataTests.swift in Sources */ = {isa = PBXBuildFile; fileRef = 5FAC90DF2AAA47B501A896E4 /* MLXMetadataTests.swift */; };
		4AF09C43020E3D85307B71A8 /* HFDownloaderSmokeTest.swift in Sources */ = {isa = PBXBuildFile; fileRef = FDE8BD6ECEA9B7B53DBF2DEB /* HFDownloaderSmokeTest.swift */; };
		4D96CDD9A1EB6F60EBC6EA44 /* ModelPreview.swift in Sources */ = {isa = PBXBuildFile; fileRef = 7E759DC17C4FF2B390C8C830 /* ModelPreview.swift */; };
		530F6395D5751008F12153DC /* AppState.swift in Sources */ = {isa = PBXBuildFile; fileRef = 653A70D18AA958C1F75CD511 /* AppState.swift */; };
		53F6814074A23EEBB6544D90 /* ModelAddPlan.swift in Sources */ = {isa = PBXBuildFile; fileRef = C7BD7CE4C9F99A17BB539706 /* ModelAddPlan.swift */; };
		58924A4F3EE841D42D8D721E /* DeviceInfoTests.swift in Sources */ = {isa = PBXBuildFile; fileRef = 50419AA3D40B6B9BAEDBF837 /* DeviceInfoTests.swift */; };
		66B3DA5DEF7A55577F3A8813 /* ProcessSupervisor.swift in Sources */ = {isa = PBXBuildFile; fileRef = EE937A9BCE8B1990D71C2304 /* ProcessSupervisor.swift */; };
		702EF962A21D3A10FC5E62A8 /* StoreCatalog.swift in Sources */ = {isa = PBXBuildFile; fileRef = 3A8B23AB0C07C6FC0127D2D0 /* StoreCatalog.swift */; };
		711387A1DA5998F40B757612 /* LoginItem.swift in Sources */ = {isa = PBXBuildFile; fileRef = 7109E7D7686B314F8156BAC7 /* LoginItem.swift */; };
		78053506CE7D3AAE80A2642E /* LlamaCppRuntimeTests.swift in Sources */ = {isa = PBXBuildFile; fileRef = 69B708CFABD9ED3D50E98D9F /* LlamaCppRuntimeTests.swift */; };
		78A0C100BA7CBC5B2B1F3FA8 /* PathsTests.swift in Sources */ = {isa = PBXBuildFile; fileRef = 202E2A8059B6ABFB4874ED71 /* PathsTests.swift */; };
		78FECD20C76D7176307998ED /* FitEstimator.swift in Sources */ = {isa = PBXBuildFile; fileRef = D8CD21849DF52BA5CDB319AC /* FitEstimator.swift */; };
		798F1C09C23FA25832FFAC3B /* Config.swift in Sources */ = {isa = PBXBuildFile; fileRef = 7D5C298F9956FEEED5E539F2 /* Config.swift */; };
		803C82E9918ACE65750267CA /* StubURLProtocol.swift in Sources */ = {isa = PBXBuildFile; fileRef = 239E0D546E27423C906B3A80 /* StubURLProtocol.swift */; };
		845C332E6D75F8E7D4CF3E1A /* LogStoreTests.swift in Sources */ = {isa = PBXBuildFile; fileRef = C673695383A5BA8C4EFEDAD7 /* LogStoreTests.swift */; };
		88F5F2F83DDE401E61BB38CF /* CatalogTests.swift in Sources */ = {isa = PBXBuildFile; fileRef = 19B87DA34C1C3C10454DD9BC /* CatalogTests.swift */; };
		8C4232B0FBE3A73AEAFF506E /* HFRepo.swift in Sources */ = {isa = PBXBuildFile; fileRef = 425E81D2DAC331A359585A0F /* HFRepo.swift */; };
		8D88704579DC44780C153B31 /* GGUFMetadataTests.swift in Sources */ = {isa = PBXBuildFile; fileRef = C1946EC80763A824682094C0 /* GGUFMetadataTests.swift */; };
		9317F0C660C4BDE4BC7A980E /* FitEstimatorTests.swift in Sources */ = {isa = PBXBuildFile; fileRef = 9AE0E33AD95285152C0DD917 /* FitEstimatorTests.swift */; };
		9A5972B30A98BFE94BF8A2F5 /* CatalogRefresher.swift in Sources */ = {isa = PBXBuildFile; fileRef = 6EABED4CD61813C8D19A53F6 /* CatalogRefresher.swift */; };
		9E7A072989A42AFD0CF6C555 /* HFDownloader.swift in Sources */ = {isa = PBXBuildFile; fileRef = D49BE1EF5FB53B825FC562F0 /* HFDownloader.swift */; };
		A606DCE122A28D1ADADD1B28 /* LlamaCppIntegrationSmokeTest.swift in Sources */ = {isa = PBXBuildFile; fileRef = 6107806CCC22675473E89151 /* LlamaCppIntegrationSmokeTest.swift */; };
		A97EF1AD2BF0945DC2C70167 /* SecretStore.swift in Sources */ = {isa = PBXBuildFile; fileRef = D20F94A74BAAC0F3DE593F67 /* SecretStore.swift */; };
		AD84B88BEFC224DCB3B822A2 /* ModelInstallControllerTests.swift in Sources */ = {isa = PBXBuildFile; fileRef = 60CD26ED650B7D72E7C62559 /* ModelInstallControllerTests.swift */; };
		AF8F824B4E7AD00629E4BEC8 /* PingTests.swift in Sources */ = {isa = PBXBuildFile; fileRef = 5907867E917EAA9CB82DDAAF /* PingTests.swift */; };
		B62BFE886200969B22216A6A /* LogStore.swift in Sources */ = {isa = PBXBuildFile; fileRef = EB9482F330D14ABD97C3CB8A /* LogStore.swift */; };
		BB9E9F4BD5FCE9643645DFC3 /* Catalog.swift in Sources */ = {isa = PBXBuildFile; fileRef = 6CF5343FFDFED49C8EFF6B3C /* Catalog.swift */; };
		BED22FFFB20D34B664E9C021 /* Paths.swift in Sources */ = {isa = PBXBuildFile; fileRef = 94F86147309B95CB624585AB /* Paths.swift */; };
		C3F586D3E7C525482C51C7BC /* ProcessSupervisorTests.swift in Sources */ = {isa = PBXBuildFile; fileRef = 921AEE79C781B5EB581C6DC5 /* ProcessSupervisorTests.swift */; };
		CB7CA9A2F895FD0B2EB70E10 /* GGUFFixtureBuilder.swift in Sources */ = {isa = PBXBuildFile; fileRef = 649E93D9E6DF446442533B00 /* GGUFFixtureBuilder.swift */; };
		D14CDB94C0DC992397CDE352 /* AppInfoTests.swift in Sources */ = {isa = PBXBuildFile; fileRef = 70BF19344F23B98FA299585E /* AppInfoTests.swift */; };
		D21903B2E76547FABF0D784A /* ServerController.swift in Sources */ = {isa = PBXBuildFile; fileRef = 81B6A68D6E8CFFF1B6142EB1 /* ServerController.swift */; };
		D577E84C9E4191CBAED0D203 /* ConfigTests.swift in Sources */ = {isa = PBXBuildFile; fileRef = B0456E0B59C5B4A2C4303E13 /* ConfigTests.swift */; };
		D852BFCB8112DD76D6DBEB44 /* ModelInstallController.swift in Sources */ = {isa = PBXBuildFile; fileRef = BACE052AE6756F1062784F3F /* ModelInstallController.swift */; };
		E20F2581D31F14C3DAA57F66 /* MenuView.swift in Sources */ = {isa = PBXBuildFile; fileRef = 174474DD711C1D0D6ACAE912 /* MenuView.swift */; };
		E7B46F57608AA37F1533608B /* LlamaCppRuntime.swift in Sources */ = {isa = PBXBuildFile; fileRef = 97C5FEC519D2CD76691F38A2 /* LlamaCppRuntime.swift */; };
		ED92861B2F3678237F476B4F /* LogsWindow.swift in Sources */ = {isa = PBXBuildFile; fileRef = 8373F07EB148CC4C08D0EC8A /* LogsWindow.swift */; };
		EEFB6B84F6F1CBE5CA5A7138 /* ModelPreviewTests.swift in Sources */ = {isa = PBXBuildFile; fileRef = 3082DD72FF9CE513E5A325D4 /* ModelPreviewTests.swift */; };
		F03565C275B071D4BC9F7F0D /* HFDownloaderTests.swift in Sources */ = {isa = PBXBuildFile; fileRef = 7FA08B3E9C936F3BF55909CC /* HFDownloaderTests.swift */; };
		F5F1627431AF9E772BD5AF5C /* ModelsPane.swift in Sources */ = {isa = PBXBuildFile; fileRef = 351669FD912B75E519CAAF15 /* ModelsPane.swift */; };
		FAAC603389E9A8652CD31502 /* Runtime.swift in Sources */ = {isa = PBXBuildFile; fileRef = 5BF75DEC1D436363C620CA16 /* Runtime.swift */; };
		FE3F1D8FFB1AB2BA257B7DD5 /* QuailApp.swift in Sources */ = {isa = PBXBuildFile; fileRef = E5340652668A6D7507752E82 /* QuailApp.swift */; };
/* End PBXBuildFile section */

/* Begin PBXContainerItemProxy section */
		6A3AA075D1808D9320B81729 /* PBXContainerItemProxy */ = {
			isa = PBXContainerItemProxy;
			containerPortal = AC0B5C9A209BCF66AE62F8B0 /* Project object */;
			proxyType = 1;
			remoteGlobalIDString = F1792F2A38389EF9B60D5CBB;
			remoteInfo = Quail;
		};
/* End PBXContainerItemProxy section */

/* Begin PBXFileReference section */
		0DF36C9C4B0032D9BDA798A6 /* MLXMetadata.swift */ = {isa = PBXFileReference; lastKnownFileType = sourcecode.swift; path = MLXMetadata.swift; sourceTree = "<group>"; };
		0F31B617CA8019BFAC6C2FF8 /* GGUFMetadata.swift */ = {isa = PBXFileReference; lastKnownFileType = sourcecode.swift; path = GGUFMetadata.swift; sourceTree = "<group>"; };
		1105E578FC33E291B560DFEE /* ServerControllerTests.swift */ = {isa = PBXFileReference; lastKnownFileType = sourcecode.swift; path = ServerControllerTests.swift; sourceTree = "<group>"; };
		11EF96D4F00F64BCEE9E13B3 /* FakeSecretStore.swift */ = {isa = PBXFileReference; lastKnownFileType = sourcecode.swift; path = FakeSecretStore.swift; sourceTree = "<group>"; };
		12DE6B42A661984D99734823 /* AddModelSheet.swift */ = {isa = PBXFileReference; lastKnownFileType = sourcecode.swift; path = AddModelSheet.swift; sourceTree = "<group>"; };
		174474DD711C1D0D6ACAE912 /* MenuView.swift */ = {isa = PBXFileReference; lastKnownFileType = sourcecode.swift; path = MenuView.swift; sourceTree = "<group>"; };
		19B87DA34C1C3C10454DD9BC /* CatalogTests.swift */ = {isa = PBXFileReference; lastKnownFileType = sourcecode.swift; path = CatalogTests.swift; sourceTree = "<group>"; };
		202E2A8059B6ABFB4874ED71 /* PathsTests.swift */ = {isa = PBXFileReference; lastKnownFileType = sourcecode.swift; path = PathsTests.swift; sourceTree = "<group>"; };
		239E0D546E27423C906B3A80 /* StubURLProtocol.swift */ = {isa = PBXFileReference; lastKnownFileType = sourcecode.swift; path = StubURLProtocol.swift; sourceTree = "<group>"; };
		3082DD72FF9CE513E5A325D4 /* ModelPreviewTests.swift */ = {isa = PBXFileReference; lastKnownFileType = sourcecode.swift; path = ModelPreviewTests.swift; sourceTree = "<group>"; };
		351669FD912B75E519CAAF15 /* ModelsPane.swift */ = {isa = PBXFileReference; lastKnownFileType = sourcecode.swift; path = ModelsPane.swift; sourceTree = "<group>"; };
		391271ECA995DA68CF47E1B8 /* AppDelegate.swift */ = {isa = PBXFileReference; lastKnownFileType = sourcecode.swift; path = AppDelegate.swift; sourceTree = "<group>"; };
		3A8B23AB0C07C6FC0127D2D0 /* StoreCatalog.swift */ = {isa = PBXFileReference; lastKnownFileType = sourcecode.swift; path = StoreCatalog.swift; sourceTree = "<group>"; };
		3C313E49C170F38D115B7E22 /* SettingsView.swift */ = {isa = PBXFileReference; lastKnownFileType = sourcecode.swift; path = SettingsView.swift; sourceTree = "<group>"; };
		425E81D2DAC331A359585A0F /* HFRepo.swift */ = {isa = PBXFileReference; lastKnownFileType = sourcecode.swift; path = HFRepo.swift; sourceTree = "<group>"; };
		4C78D90DD87C5908D1A1D288 /* HealthProbe.swift */ = {isa = PBXFileReference; lastKnownFileType = sourcecode.swift; path = HealthProbe.swift; sourceTree = "<group>"; };
		5017B60F5810B38F0C09B7F3 /* DeviceInfo.swift */ = {isa = PBXFileReference; lastKnownFileType = sourcecode.swift; path = DeviceInfo.swift; sourceTree = "<group>"; };
		50419AA3D40B6B9BAEDBF837 /* DeviceInfoTests.swift */ = {isa = PBXFileReference; lastKnownFileType = sourcecode.swift; path = DeviceInfoTests.swift; sourceTree = "<group>"; };
		5907867E917EAA9CB82DDAAF /* PingTests.swift */ = {isa = PBXFileReference; lastKnownFileType = sourcecode.swift; path = PingTests.swift; sourceTree = "<group>"; };
		5BF75DEC1D436363C620CA16 /* Runtime.swift */ = {isa = PBXFileReference; lastKnownFileType = sourcecode.swift; path = Runtime.swift; sourceTree = "<group>"; };
		5FAC90DF2AAA47B501A896E4 /* MLXMetadataTests.swift */ = {isa = PBXFileReference; lastKnownFileType = sourcecode.swift; path = MLXMetadataTests.swift; sourceTree = "<group>"; };
		60CD26ED650B7D72E7C62559 /* ModelInstallControllerTests.swift */ = {isa = PBXFileReference; lastKnownFileType = sourcecode.swift; path = ModelInstallControllerTests.swift; sourceTree = "<group>"; };
		6107806CCC22675473E89151 /* LlamaCppIntegrationSmokeTest.swift */ = {isa = PBXFileReference; lastKnownFileType = sourcecode.swift; path = LlamaCppIntegrationSmokeTest.swift; sourceTree = "<group>"; };
		649E93D9E6DF446442533B00 /* GGUFFixtureBuilder.swift */ = {isa = PBXFileReference; lastKnownFileType = sourcecode.swift; path = GGUFFixtureBuilder.swift; sourceTree = "<group>"; };
		653A70D18AA958C1F75CD511 /* AppState.swift */ = {isa = PBXFileReference; lastKnownFileType = sourcecode.swift; path = AppState.swift; sourceTree = "<group>"; };
		69B708CFABD9ED3D50E98D9F /* LlamaCppRuntimeTests.swift */ = {isa = PBXFileReference; lastKnownFileType = sourcecode.swift; path = LlamaCppRuntimeTests.swift; sourceTree = "<group>"; };
		6A0207CABC73498170DE7FF0 /* CatalogRefresherTests.swift */ = {isa = PBXFileReference; lastKnownFileType = sourcecode.swift; path = CatalogRefresherTests.swift; sourceTree = "<group>"; };
		6CF5343FFDFED49C8EFF6B3C /* Catalog.swift */ = {isa = PBXFileReference; lastKnownFileType = sourcecode.swift; path = Catalog.swift; sourceTree = "<group>"; };
		6EABED4CD61813C8D19A53F6 /* CatalogRefresher.swift */ = {isa = PBXFileReference; lastKnownFileType = sourcecode.swift; path = CatalogRefresher.swift; sourceTree = "<group>"; };
		70BF19344F23B98FA299585E /* AppInfoTests.swift */ = {isa = PBXFileReference; lastKnownFileType = sourcecode.swift; path = AppInfoTests.swift; sourceTree = "<group>"; };
		7109E7D7686B314F8156BAC7 /* LoginItem.swift */ = {isa = PBXFileReference; lastKnownFileType = sourcecode.swift; path = LoginItem.swift; sourceTree = "<group>"; };
		7C29DC0715805F71AA1A5599 /* Ping.swift */ = {isa = PBXFileReference; lastKnownFileType = sourcecode.swift; path = Ping.swift; sourceTree = "<group>"; };
		7D5C298F9956FEEED5E539F2 /* Config.swift */ = {isa = PBXFileReference; lastKnownFileType = sourcecode.swift; path = Config.swift; sourceTree = "<group>"; };
		7E759DC17C4FF2B390C8C830 /* ModelPreview.swift */ = {isa = PBXFileReference; lastKnownFileType = sourcecode.swift; path = ModelPreview.swift; sourceTree = "<group>"; };
		7E932070B21FCE331F0977B5 /* ModelStore.swift */ = {isa = PBXFileReference; lastKnownFileType = sourcecode.swift; path = ModelStore.swift; sourceTree = "<group>"; };
		7FA08B3E9C936F3BF55909CC /* HFDownloaderTests.swift */ = {isa = PBXFileReference; lastKnownFileType = sourcecode.swift; path = HFDownloaderTests.swift; sourceTree = "<group>"; };
		81B6A68D6E8CFFF1B6142EB1 /* ServerController.swift */ = {isa = PBXFileReference; lastKnownFileType = sourcecode.swift; path = ServerController.swift; sourceTree = "<group>"; };
		8373F07EB148CC4C08D0EC8A /* LogsWindow.swift */ = {isa = PBXFileReference; lastKnownFileType = sourcecode.swift; path = LogsWindow.swift; sourceTree = "<group>"; };
		857FE791D3A8B14C0ACD9E8F /* FakeRuntime.swift */ = {isa = PBXFileReference; lastKnownFileType = sourcecode.swift; path = FakeRuntime.swift; sourceTree = "<group>"; };
		86E04BE051B50D9C82809577 /* QuailTests.xctest */ = {isa = PBXFileReference; explicitFileType = wrapper.cfbundle; includeInIndex = 0; path = QuailTests.xctest; sourceTree = BUILT_PRODUCTS_DIR; };
		921AEE79C781B5EB581C6DC5 /* ProcessSupervisorTests.swift */ = {isa = PBXFileReference; lastKnownFileType = sourcecode.swift; path = ProcessSupervisorTests.swift; sourceTree = "<group>"; };
		94F86147309B95CB624585AB /* Paths.swift */ = {isa = PBXFileReference; lastKnownFileType = sourcecode.swift; path = Paths.swift; sourceTree = "<group>"; };
		97B32A723E276ED3F733ACB2 /* ModelStoreTests.swift */ = {isa = PBXFileReference; lastKnownFileType = sourcecode.swift; path = ModelStoreTests.swift; sourceTree = "<group>"; };
		97C5FEC519D2CD76691F38A2 /* LlamaCppRuntime.swift */ = {isa = PBXFileReference; lastKnownFileType = sourcecode.swift; path = LlamaCppRuntime.swift; sourceTree = "<group>"; };
		9AE0E33AD95285152C0DD917 /* FitEstimatorTests.swift */ = {isa = PBXFileReference; lastKnownFileType = sourcecode.swift; path = FitEstimatorTests.swift; sourceTree = "<group>"; };
		B0456E0B59C5B4A2C4303E13 /* ConfigTests.swift */ = {isa = PBXFileReference; lastKnownFileType = sourcecode.swift; path = ConfigTests.swift; sourceTree = "<group>"; };
		B44B50F18DB9B66BCFEB8060 /* PingSheet.swift */ = {isa = PBXFileReference; lastKnownFileType = sourcecode.swift; path = PingSheet.swift; sourceTree = "<group>"; };
		B472EFE40DDB9C26209BE18D /* Quail-AppStore.entitlements */ = {isa = PBXFileReference; lastKnownFileType = text.plist.entitlements; path = "Quail-AppStore.entitlements"; sourceTree = "<group>"; };
		B81725CFCB6D74EB402C92CD /* AppInfo.swift */ = {isa = PBXFileReference; lastKnownFileType = sourcecode.swift; path = AppInfo.swift; sourceTree = "<group>"; };
		B83D2B3E8DD5780934B2E1C5 /* ModelAddPlanTests.swift */ = {isa = PBXFileReference; lastKnownFileType = sourcecode.swift; path = ModelAddPlanTests.swift; sourceTree = "<group>"; };
		BACE052AE6756F1062784F3F /* ModelInstallController.swift */ = {isa = PBXFileReference; lastKnownFileType = sourcecode.swift; path = ModelInstallController.swift; sourceTree = "<group>"; };
		C1946EC80763A824682094C0 /* GGUFMetadataTests.swift */ = {isa = PBXFileReference; lastKnownFileType = sourcecode.swift; path = GGUFMetadataTests.swift; sourceTree = "<group>"; };
		C673695383A5BA8C4EFEDAD7 /* LogStoreTests.swift */ = {isa = PBXFileReference; lastKnownFileType = sourcecode.swift; path = LogStoreTests.swift; sourceTree = "<group>"; };
		C7BD7CE4C9F99A17BB539706 /* ModelAddPlan.swift */ = {isa = PBXFileReference; lastKnownFileType = sourcecode.swift; path = ModelAddPlan.swift; sourceTree = "<group>"; };
		CB03FA5B5C74DB6E5B963EF2 /* AppStateTests.swift */ = {isa = PBXFileReference; lastKnownFileType = sourcecode.swift; path = AppStateTests.swift; sourceTree = "<group>"; };
		D20F94A74BAAC0F3DE593F67 /* SecretStore.swift */ = {isa = PBXFileReference; lastKnownFileType = sourcecode.swift; path = SecretStore.swift; sourceTree = "<group>"; };
		D49BE1EF5FB53B825FC562F0 /* HFDownloader.swift */ = {isa = PBXFileReference; lastKnownFileType = sourcecode.swift; path = HFDownloader.swift; sourceTree = "<group>"; };
		D54B98A3385069A2422F5027 /* Quail.app */ = {isa = PBXFileReference; explicitFileType = wrapper.application; includeInIndex = 0; path = Quail.app; sourceTree = BUILT_PRODUCTS_DIR; };
		D69BCA84C093F9E62CA1941F /* Quail.entitlements */ = {isa = PBXFileReference; lastKnownFileType = text.plist.entitlements; path = Quail.entitlements; sourceTree = "<group>"; };
		D8CD21849DF52BA5CDB319AC /* FitEstimator.swift */ = {isa = PBXFileReference; lastKnownFileType = sourcecode.swift; path = FitEstimator.swift; sourceTree = "<group>"; };
		E5340652668A6D7507752E82 /* QuailApp.swift */ = {isa = PBXFileReference; lastKnownFileType = sourcecode.swift; path = QuailApp.swift; sourceTree = "<group>"; };
		EB9482F330D14ABD97C3CB8A /* LogStore.swift */ = {isa = PBXFileReference; lastKnownFileType = sourcecode.swift; path = LogStore.swift; sourceTree = "<group>"; };
		EE937A9BCE8B1990D71C2304 /* ProcessSupervisor.swift */ = {isa = PBXFileReference; lastKnownFileType = sourcecode.swift; path = ProcessSupervisor.swift; sourceTree = "<group>"; };
		FDE8BD6ECEA9B7B53DBF2DEB /* HFDownloaderSmokeTest.swift */ = {isa = PBXFileReference; lastKnownFileType = sourcecode.swift; path = HFDownloaderSmokeTest.swift; sourceTree = "<group>"; };
/* End PBXFileReference section */

/* Begin PBXGroup section */
		0A3866BDF1D39166A44D0FFD = {
			isa = PBXGroup;
			children = (
				5CBAB557AA869416BB79A458 /* Quail */,
				1658C70BFCCEFC530EFAB42E /* QuailTests */,
				C8777405539D489A674465B9 /* Products */,
			);
			sourceTree = "<group>";
		};
		1658C70BFCCEFC530EFAB42E /* QuailTests */ = {
			isa = PBXGroup;
			children = (
				70BF19344F23B98FA299585E /* AppInfoTests.swift */,
				CB03FA5B5C74DB6E5B963EF2 /* AppStateTests.swift */,
				6A0207CABC73498170DE7FF0 /* CatalogRefresherTests.swift */,
				19B87DA34C1C3C10454DD9BC /* CatalogTests.swift */,
				B0456E0B59C5B4A2C4303E13 /* ConfigTests.swift */,
				50419AA3D40B6B9BAEDBF837 /* DeviceInfoTests.swift */,
				857FE791D3A8B14C0ACD9E8F /* FakeRuntime.swift */,
				11EF96D4F00F64BCEE9E13B3 /* FakeSecretStore.swift */,
				9AE0E33AD95285152C0DD917 /* FitEstimatorTests.swift */,
				649E93D9E6DF446442533B00 /* GGUFFixtureBuilder.swift */,
				C1946EC80763A824682094C0 /* GGUFMetadataTests.swift */,
				FDE8BD6ECEA9B7B53DBF2DEB /* HFDownloaderSmokeTest.swift */,
				7FA08B3E9C936F3BF55909CC /* HFDownloaderTests.swift */,
				6107806CCC22675473E89151 /* LlamaCppIntegrationSmokeTest.swift */,
				69B708CFABD9ED3D50E98D9F /* LlamaCppRuntimeTests.swift */,
				C673695383A5BA8C4EFEDAD7 /* LogStoreTests.swift */,
				5FAC90DF2AAA47B501A896E4 /* MLXMetadataTests.swift */,
				B83D2B3E8DD5780934B2E1C5 /* ModelAddPlanTests.swift */,
				60CD26ED650B7D72E7C62559 /* ModelInstallControllerTests.swift */,
				3082DD72FF9CE513E5A325D4 /* ModelPreviewTests.swift */,
				97B32A723E276ED3F733ACB2 /* ModelStoreTests.swift */,
				202E2A8059B6ABFB4874ED71 /* PathsTests.swift */,
				5907867E917EAA9CB82DDAAF /* PingTests.swift */,
				921AEE79C781B5EB581C6DC5 /* ProcessSupervisorTests.swift */,
				1105E578FC33E291B560DFEE /* ServerControllerTests.swift */,
				239E0D546E27423C906B3A80 /* StubURLProtocol.swift */,
			);
			path = QuailTests;
			sourceTree = "<group>";
		};
		2E999F1E3ABC71EC44FB61BC /* Models */ = {
			isa = PBXGroup;
			children = (
				6CF5343FFDFED49C8EFF6B3C /* Catalog.swift */,
				6EABED4CD61813C8D19A53F6 /* CatalogRefresher.swift */,
				0F31B617CA8019BFAC6C2FF8 /* GGUFMetadata.swift */,
				D49BE1EF5FB53B825FC562F0 /* HFDownloader.swift */,
				425E81D2DAC331A359585A0F /* HFRepo.swift */,
				0DF36C9C4B0032D9BDA798A6 /* MLXMetadata.swift */,
				C7BD7CE4C9F99A17BB539706 /* ModelAddPlan.swift */,
				BACE052AE6756F1062784F3F /* ModelInstallController.swift */,
				7E759DC17C4FF2B390C8C830 /* ModelPreview.swift */,
				7E932070B21FCE331F0977B5 /* ModelStore.swift */,
				3A8B23AB0C07C6FC0127D2D0 /* StoreCatalog.swift */,
			);
			path = Models;
			sourceTree = "<group>";
		};
		38E92C9FBB2A03ED7B29BE1B /* UI */ = {
			isa = PBXGroup;
			children = (
				12DE6B42A661984D99734823 /* AddModelSheet.swift */,
				8373F07EB148CC4C08D0EC8A /* LogsWindow.swift */,
				174474DD711C1D0D6ACAE912 /* MenuView.swift */,
				351669FD912B75E519CAAF15 /* ModelsPane.swift */,
				B44B50F18DB9B66BCFEB8060 /* PingSheet.swift */,
				3C313E49C170F38D115B7E22 /* SettingsView.swift */,
			);
			path = UI;
			sourceTree = "<group>";
		};
		46B1875E207F95A8F989B8C9 /* App */ = {
			isa = PBXGroup;
			children = (
				391271ECA995DA68CF47E1B8 /* AppDelegate.swift */,
				B81725CFCB6D74EB402C92CD /* AppInfo.swift */,
				653A70D18AA958C1F75CD511 /* AppState.swift */,
				7D5C298F9956FEEED5E539F2 /* Config.swift */,
				7109E7D7686B314F8156BAC7 /* LoginItem.swift */,
				94F86147309B95CB624585AB /* Paths.swift */,
				D20F94A74BAAC0F3DE593F67 /* SecretStore.swift */,
			);
			path = App;
			sourceTree = "<group>";
		};
		53B832DE71E161DCFCCB0CC3 /* Server */ = {
			isa = PBXGroup;
			children = (
				4C78D90DD87C5908D1A1D288 /* HealthProbe.swift */,
				EB9482F330D14ABD97C3CB8A /* LogStore.swift */,
				7C29DC0715805F71AA1A5599 /* Ping.swift */,
				EE937A9BCE8B1990D71C2304 /* ProcessSupervisor.swift */,
				81B6A68D6E8CFFF1B6142EB1 /* ServerController.swift */,
			);
			path = Server;
			sourceTree = "<group>";
		};
		5CBAB557AA869416BB79A458 /* Quail */ = {
			isa = PBXGroup;
			children = (
				B472EFE40DDB9C26209BE18D /* Quail-AppStore.entitlements */,
				D69BCA84C093F9E62CA1941F /* Quail.entitlements */,
				E5340652668A6D7507752E82 /* QuailApp.swift */,
				46B1875E207F95A8F989B8C9 /* App */,
				DD8C8330D9D8560E53B9C0F3 /* DeviceFit */,
				2E999F1E3ABC71EC44FB61BC /* Models */,
				E253BF4A5D3962970AE9AF43 /* Runtimes */,
				53B832DE71E161DCFCCB0CC3 /* Server */,
				38E92C9FBB2A03ED7B29BE1B /* UI */,
			);
			path = Quail;
			sourceTree = "<group>";
		};
		C8777405539D489A674465B9 /* Products */ = {
			isa = PBXGroup;
			children = (
				D54B98A3385069A2422F5027 /* Quail.app */,
				86E04BE051B50D9C82809577 /* QuailTests.xctest */,
			);
			name = Products;
			sourceTree = "<group>";
		};
		DD8C8330D9D8560E53B9C0F3 /* DeviceFit */ = {
			isa = PBXGroup;
			children = (
				5017B60F5810B38F0C09B7F3 /* DeviceInfo.swift */,
				D8CD21849DF52BA5CDB319AC /* FitEstimator.swift */,
			);
			path = DeviceFit;
			sourceTree = "<group>";
		};
		E253BF4A5D3962970AE9AF43 /* Runtimes */ = {
			isa = PBXGroup;
			children = (
				97C5FEC519D2CD76691F38A2 /* LlamaCppRuntime.swift */,
				5BF75DEC1D436363C620CA16 /* Runtime.swift */,
			);
			path = Runtimes;
			sourceTree = "<group>";
		};
/* End PBXGroup section */

/* Begin PBXNativeTarget section */
		8DE891E3384083077AEE4880 /* QuailTests */ = {
			isa = PBXNativeTarget;
			buildConfigurationList = 0017179FE5AB4CCC8FB26CB9 /* Build configuration list for PBXNativeTarget "QuailTests" */;
			buildPhases = (
				976ED2D376A503A2C3797322 /* Sources */,
			);
			buildRules = (
			);
			dependencies = (
				2FB72D7F366B7D1F0397E095 /* PBXTargetDependency */,
			);
			name = QuailTests;
			packageProductDependencies = (
			);
			productName = QuailTests;
			productReference = 86E04BE051B50D9C82809577 /* QuailTests.xctest */;
			productType = "com.apple.product-type.bundle.unit-test";
		};
		F1792F2A38389EF9B60D5CBB /* Quail */ = {
			isa = PBXNativeTarget;
			buildConfigurationList = 3B430F6F8BDF5060F21AEB71 /* Build configuration list for PBXNativeTarget "Quail" */;
			buildPhases = (
				770EE833D45FFC7C0F7EB829 /* Sources */,
				C2420F31802B4F92A73F8506 /* Embed llama.cpp */,
			);
			buildRules = (
			);
			dependencies = (
			);
			name = Quail;
			packageProductDependencies = (
			);
			productName = Quail;
			productReference = D54B98A3385069A2422F5027 /* Quail.app */;
			productType = "com.apple.product-type.application";
		};
/* End PBXNativeTarget section */

/* Begin PBXProject section */
		AC0B5C9A209BCF66AE62F8B0 /* Project object */ = {
			isa = PBXProject;
			attributes = {
				BuildIndependentTargetsInParallel = YES;
				LastUpgradeCheck = 1430;
				TargetAttributes = {
					8DE891E3384083077AEE4880 = {
						ProvisioningStyle = Automatic;
					};
					F1792F2A38389EF9B60D5CBB = {
						ProvisioningStyle = Automatic;
					};
				};
			};
			buildConfigurationList = 54EB6BEBF78758FEA57C8A31 /* Build configuration list for PBXProject "Quail" */;
			developmentRegion = en;
			hasScannedForEncodings = 0;
			knownRegions = (
				Base,
				en,
			);
			mainGroup = 0A3866BDF1D39166A44D0FFD;
			minimizedProjectReferenceProxies = 1;
			preferredProjectObjectVersion = 77;
			productRefGroup = C8777405539D489A674465B9 /* Products */;
			projectDirPath = "";
			projectRoot = "";
			targets = (
				F1792F2A38389EF9B60D5CBB /* Quail */,
				8DE891E3384083077AEE4880 /* QuailTests */,
			);
		};
/* End PBXProject section */

/* Begin PBXShellScriptBuildPhase section */
		C2420F31802B4F92A73F8506 /* Embed llama.cpp */ = {
			isa = PBXShellScriptBuildPhase;
			alwaysOutOfDate = 1;
			buildActionMask = 2147483647;
			files = (
			);
			inputFileListPaths = (
			);
			inputPaths = (
			);
			name = "Embed llama.cpp";
			outputFileListPaths = (
			);
			outputPaths = (
			);
			runOnlyForDeploymentPostprocessing = 0;
			shellPath = /bin/sh;
			shellScript = "\"$SRCROOT/scripts/embed-llama.sh\"\n";
		};
/* End PBXShellScriptBuildPhase section */

/* Begin PBXSourcesBuildPhase section */
		770EE833D45FFC7C0F7EB829 /* Sources */ = {
			isa = PBXSourcesBuildPhase;
			buildActionMask = 2147483647;
			files = (
				38598B650472EDA417930603 /* AddModelSheet.swift in Sources */,
				154B9A7BF658663A09873764 /* AppDelegate.swift in Sources */,
				419CB9320DD2555B4214B403 /* AppInfo.swift in Sources */,
				530F6395D5751008F12153DC /* AppState.swift in Sources */,
				BB9E9F4BD5FCE9643645DFC3 /* Catalog.swift in Sources */,
				9A5972B30A98BFE94BF8A2F5 /* CatalogRefresher.swift in Sources */,
				798F1C09C23FA25832FFAC3B /* Config.swift in Sources */,
				3BCA43382C343027C7FB0981 /* DeviceInfo.swift in Sources */,
				78FECD20C76D7176307998ED /* FitEstimator.swift in Sources */,
				2025E52063DD98DFCBE2947A /* GGUFMetadata.swift in Sources */,
				9E7A072989A42AFD0CF6C555 /* HFDownloader.swift in Sources */,
				8C4232B0FBE3A73AEAFF506E /* HFRepo.swift in Sources */,
				3D4B8A0405C4485889775071 /* HealthProbe.swift in Sources */,
				E7B46F57608AA37F1533608B /* LlamaCppRuntime.swift in Sources */,
				B62BFE886200969B22216A6A /* LogStore.swift in Sources */,
				711387A1DA5998F40B757612 /* LoginItem.swift in Sources */,
				ED92861B2F3678237F476B4F /* LogsWindow.swift in Sources */,
				47DAABA1E882A6CD01680186 /* MLXMetadata.swift in Sources */,
				E20F2581D31F14C3DAA57F66 /* MenuView.swift in Sources */,
				53F6814074A23EEBB6544D90 /* ModelAddPlan.swift in Sources */,
				D852BFCB8112DD76D6DBEB44 /* ModelInstallController.swift in Sources */,
				4D96CDD9A1EB6F60EBC6EA44 /* ModelPreview.swift in Sources */,
				3D0EB48D9129E71E6B3A43E2 /* ModelStore.swift in Sources */,
				F5F1627431AF9E772BD5AF5C /* ModelsPane.swift in Sources */,
				BED22FFFB20D34B664E9C021 /* Paths.swift in Sources */,
				4264D719B78C601B5C03EB45 /* Ping.swift in Sources */,
				03B5E452B94DA5386DC74A36 /* PingSheet.swift in Sources */,
				66B3DA5DEF7A55577F3A8813 /* ProcessSupervisor.swift in Sources */,
				FE3F1D8FFB1AB2BA257B7DD5 /* QuailApp.swift in Sources */,
				FAAC603389E9A8652CD31502 /* Runtime.swift in Sources */,
				A97EF1AD2BF0945DC2C70167 /* SecretStore.swift in Sources */,
				D21903B2E76547FABF0D784A /* ServerController.swift in Sources */,
				16C023CA506F7A2439BD7726 /* SettingsView.swift in Sources */,
				702EF962A21D3A10FC5E62A8 /* StoreCatalog.swift in Sources */,
			);
			runOnlyForDeploymentPostprocessing = 0;
		};
		976ED2D376A503A2C3797322 /* Sources */ = {
			isa = PBXSourcesBuildPhase;
			buildActionMask = 2147483647;
			files = (
				D14CDB94C0DC992397CDE352 /* AppInfoTests.swift in Sources */,
				3430F195CEBC5CF8261D57D2 /* AppStateTests.swift in Sources */,
				2148459632998822C9866493 /* CatalogRefresherTests.swift in Sources */,
				88F5F2F83DDE401E61BB38CF /* CatalogTests.swift in Sources */,
				D577E84C9E4191CBAED0D203 /* ConfigTests.swift in Sources */,
				58924A4F3EE841D42D8D721E /* DeviceInfoTests.swift in Sources */,
				2AB54DF34364E60EB414F204 /* FakeRuntime.swift in Sources */,
				3E4CFBB8E487B89E99CA3D1B /* FakeSecretStore.swift in Sources */,
				9317F0C660C4BDE4BC7A980E /* FitEstimatorTests.swift in Sources */,
				CB7CA9A2F895FD0B2EB70E10 /* GGUFFixtureBuilder.swift in Sources */,
				8D88704579DC44780C153B31 /* GGUFMetadataTests.swift in Sources */,
				4AF09C43020E3D85307B71A8 /* HFDownloaderSmokeTest.swift in Sources */,
				F03565C275B071D4BC9F7F0D /* HFDownloaderTests.swift in Sources */,
				A606DCE122A28D1ADADD1B28 /* LlamaCppIntegrationSmokeTest.swift in Sources */,
				78053506CE7D3AAE80A2642E /* LlamaCppRuntimeTests.swift in Sources */,
				845C332E6D75F8E7D4CF3E1A /* LogStoreTests.swift in Sources */,
				4A67F045D85B57F300F618D5 /* MLXMetadataTests.swift in Sources */,
				294AAE9056D74B73DFA51C94 /* ModelAddPlanTests.swift in Sources */,
				AD84B88BEFC224DCB3B822A2 /* ModelInstallControllerTests.swift in Sources */,
				EEFB6B84F6F1CBE5CA5A7138 /* ModelPreviewTests.swift in Sources */,
				125123BCBFABCB9EB4A53BEA /* ModelStoreTests.swift in Sources */,
				78A0C100BA7CBC5B2B1F3FA8 /* PathsTests.swift in Sources */,
				AF8F824B4E7AD00629E4BEC8 /* PingTests.swift in Sources */,
				C3F586D3E7C525482C51C7BC /* ProcessSupervisorTests.swift in Sources */,
				430E89F9BAD4B4183FB1E2F8 /* ServerControllerTests.swift in Sources */,
				803C82E9918ACE65750267CA /* StubURLProtocol.swift in Sources */,
			);
			runOnlyForDeploymentPostprocessing = 0;
		};
/* End PBXSourcesBuildPhase section */

/* Begin PBXTargetDependency section */
		2FB72D7F366B7D1F0397E095 /* PBXTargetDependency */ = {
			isa = PBXTargetDependency;
			target = F1792F2A38389EF9B60D5CBB /* Quail */;
			targetProxy = 6A3AA075D1808D9320B81729 /* PBXContainerItemProxy */;
		};
/* End PBXTargetDependency section */

/* Begin XCBuildConfiguration section */
		48F3F880574CD50F5AC6975F /* Debug */ = {
			isa = XCBuildConfiguration;
			buildSettings = {
				ALWAYS_SEARCH_USER_PATHS = NO;
				ASSETCATALOG_COMPILER_GENERATE_SWIFT_ASSET_SYMBOL_EXTENSIONS = YES;
				CLANG_ANALYZER_NONNULL = YES;
				CLANG_ANALYZER_NUMBER_OBJECT_CONVERSION = YES_AGGRESSIVE;
				CLANG_CXX_LANGUAGE_STANDARD = "gnu++14";
				CLANG_CXX_LIBRARY = "libc++";
				CLANG_ENABLE_MODULES = YES;
				CLANG_ENABLE_OBJC_ARC = YES;
				CLANG_ENABLE_OBJC_WEAK = YES;
				CLANG_WARN_BLOCK_CAPTURE_AUTORELEASING = YES;
				CLANG_WARN_BOOL_CONVERSION = YES;
				CLANG_WARN_COMMA = YES;
				CLANG_WARN_CONSTANT_CONVERSION = YES;
				CLANG_WARN_DEPRECATED_OBJC_IMPLEMENTATIONS = YES;
				CLANG_WARN_DIRECT_OBJC_ISA_USAGE = YES_ERROR;
				CLANG_WARN_DOCUMENTATION_COMMENTS = YES;
				CLANG_WARN_EMPTY_BODY = YES;
				CLANG_WARN_ENUM_CONVERSION = YES;
				CLANG_WARN_INFINITE_RECURSION = YES;
				CLANG_WARN_INT_CONVERSION = YES;
				CLANG_WARN_NON_LITERAL_NULL_CONVERSION = YES;
				CLANG_WARN_OBJC_IMPLICIT_RETAIN_SELF = YES;
				CLANG_WARN_OBJC_LITERAL_CONVERSION = YES;
				CLANG_WARN_OBJC_ROOT_CLASS = YES_ERROR;
				CLANG_WARN_QUOTED_INCLUDE_IN_FRAMEWORK_HEADER = YES;
				CLANG_WARN_RANGE_LOOP_ANALYSIS = YES;
				CLANG_WARN_STRICT_PROTOTYPES = YES;
				CLANG_WARN_SUSPICIOUS_MOVE = YES;
				CLANG_WARN_UNGUARDED_AVAILABILITY = YES_AGGRESSIVE;
				CLANG_WARN_UNREACHABLE_CODE = YES;
				CLANG_WARN__DUPLICATE_METHOD_MATCH = YES;
				CODE_SIGN_STYLE = Automatic;
				COPY_PHASE_STRIP = NO;
				CURRENT_PROJECT_VERSION = 1;
				DEBUG_INFORMATION_FORMAT = dwarf;
				ENABLE_HARDENED_RUNTIME = YES;
				ENABLE_STRICT_OBJC_MSGSEND = YES;
				ENABLE_TESTABILITY = YES;
				GCC_C_LANGUAGE_STANDARD = gnu11;
				GCC_DYNAMIC_NO_PIC = NO;
				GCC_NO_COMMON_BLOCKS = YES;
				GCC_OPTIMIZATION_LEVEL = 0;
				GCC_PREPROCESSOR_DEFINITIONS = (
					"$(inherited)",
					"DEBUG=1",
				);
				GCC_TREAT_WARNINGS_AS_ERRORS = YES;
				GCC_WARN_64_TO_32_BIT_CONVERSION = YES;
				GCC_WARN_ABOUT_RETURN_TYPE = YES_ERROR;
				GCC_WARN_UNDECLARED_SELECTOR = YES;
				GCC_WARN_UNINITIALIZED_AUTOS = YES_AGGRESSIVE;
				GCC_WARN_UNUSED_FUNCTION = YES;
				GCC_WARN_UNUSED_VARIABLE = YES;
				GENERATE_INFOPLIST_FILE = YES;
				INFOPLIST_KEY_LSApplicationCategoryType = "public.app-category.developer-tools";
				INFOPLIST_KEY_LSUIElement = YES;
				INFOPLIST_KEY_NSHumanReadableCopyright = "Copyright © 2026 Arif Datoo. MIT Licence.";
				MACOSX_DEPLOYMENT_TARGET = 14.0;
				MARKETING_VERSION = 0.1.0;
				MTL_ENABLE_DEBUG_INFO = INCLUDE_SOURCE;
				MTL_FAST_MATH = YES;
				ONLY_ACTIVE_ARCH = YES;
				PRODUCT_NAME = "$(TARGET_NAME)";
				SDKROOT = macosx;
				SWIFT_ACTIVE_COMPILATION_CONDITIONS = DEBUG;
				SWIFT_OPTIMIZATION_LEVEL = "-Onone";
				SWIFT_TREAT_WARNINGS_AS_ERRORS = YES;
				SWIFT_VERSION = 6.0;
			};
			name = Debug;
		};
		58A6A7D3CCAE865AE25A4F85 /* Release-AppStore */ = {
			isa = XCBuildConfiguration;
			buildSettings = {
				BUNDLE_LOADER = "$(TEST_HOST)";
				COMBINE_HIDPI_IMAGES = YES;
				GENERATE_INFOPLIST_FILE = YES;
				LD_RUNPATH_SEARCH_PATHS = (
					"$(inherited)",
					"@executable_path/../Frameworks",
					"@loader_path/../Frameworks",
				);
				PRODUCT_BUNDLE_IDENTIFIER = com.datoos.quail.tests;
				SDKROOT = macosx;
				TEST_HOST = "$(BUILT_PRODUCTS_DIR)/Quail.app/Contents/MacOS/Quail";
			};
			name = "Release-AppStore";
		};
		66458A2713858A8E5BDCED6C /* Debug */ = {
			isa = XCBuildConfiguration;
			buildSettings = {
				BUNDLE_LOADER = "$(TEST_HOST)";
				COMBINE_HIDPI_IMAGES = YES;
				GENERATE_INFOPLIST_FILE = YES;
				LD_RUNPATH_SEARCH_PATHS = (
					"$(inherited)",
					"@executable_path/../Frameworks",
					"@loader_path/../Frameworks",
				);
				PRODUCT_BUNDLE_IDENTIFIER = com.datoos.quail.tests;
				SDKROOT = macosx;
				TEST_HOST = "$(BUILT_PRODUCTS_DIR)/Quail.app/Contents/MacOS/Quail";
			};
			name = Debug;
		};
		84E1300E82EF358022389EE2 /* Release-AppStore */ = {
			isa = XCBuildConfiguration;
			buildSettings = {
				ALWAYS_SEARCH_USER_PATHS = NO;
				ASSETCATALOG_COMPILER_GENERATE_SWIFT_ASSET_SYMBOL_EXTENSIONS = YES;
				CLANG_ANALYZER_NONNULL = YES;
				CLANG_ANALYZER_NUMBER_OBJECT_CONVERSION = YES_AGGRESSIVE;
				CLANG_CXX_LANGUAGE_STANDARD = "gnu++14";
				CLANG_CXX_LIBRARY = "libc++";
				CLANG_ENABLE_MODULES = YES;
				CLANG_ENABLE_OBJC_ARC = YES;
				CLANG_ENABLE_OBJC_WEAK = YES;
				CLANG_WARN_BLOCK_CAPTURE_AUTORELEASING = YES;
				CLANG_WARN_BOOL_CONVERSION = YES;
				CLANG_WARN_COMMA = YES;
				CLANG_WARN_CONSTANT_CONVERSION = YES;
				CLANG_WARN_DEPRECATED_OBJC_IMPLEMENTATIONS = YES;
				CLANG_WARN_DIRECT_OBJC_ISA_USAGE = YES_ERROR;
				CLANG_WARN_DOCUMENTATION_COMMENTS = YES;
				CLANG_WARN_EMPTY_BODY = YES;
				CLANG_WARN_ENUM_CONVERSION = YES;
				CLANG_WARN_INFINITE_RECURSION = YES;
				CLANG_WARN_INT_CONVERSION = YES;
				CLANG_WARN_NON_LITERAL_NULL_CONVERSION = YES;
				CLANG_WARN_OBJC_IMPLICIT_RETAIN_SELF = YES;
				CLANG_WARN_OBJC_LITERAL_CONVERSION = YES;
				CLANG_WARN_OBJC_ROOT_CLASS = YES_ERROR;
				CLANG_WARN_QUOTED_INCLUDE_IN_FRAMEWORK_HEADER = YES;
				CLANG_WARN_RANGE_LOOP_ANALYSIS = YES;
				CLANG_WARN_STRICT_PROTOTYPES = YES;
				CLANG_WARN_SUSPICIOUS_MOVE = YES;
				CLANG_WARN_UNGUARDED_AVAILABILITY = YES_AGGRESSIVE;
				CLANG_WARN_UNREACHABLE_CODE = YES;
				CLANG_WARN__DUPLICATE_METHOD_MATCH = YES;
				CODE_SIGN_STYLE = Automatic;
				COPY_PHASE_STRIP = NO;
				CURRENT_PROJECT_VERSION = 1;
				DEBUG_INFORMATION_FORMAT = "dwarf-with-dsym";
				ENABLE_HARDENED_RUNTIME = YES;
				ENABLE_NS_ASSERTIONS = NO;
				ENABLE_STRICT_OBJC_MSGSEND = YES;
				GCC_C_LANGUAGE_STANDARD = gnu11;
				GCC_NO_COMMON_BLOCKS = YES;
				GCC_TREAT_WARNINGS_AS_ERRORS = YES;
				GCC_WARN_64_TO_32_BIT_CONVERSION = YES;
				GCC_WARN_ABOUT_RETURN_TYPE = YES_ERROR;
				GCC_WARN_UNDECLARED_SELECTOR = YES;
				GCC_WARN_UNINITIALIZED_AUTOS = YES_AGGRESSIVE;
				GCC_WARN_UNUSED_FUNCTION = YES;
				GCC_WARN_UNUSED_VARIABLE = YES;
				GENERATE_INFOPLIST_FILE = YES;
				INFOPLIST_KEY_LSApplicationCategoryType = "public.app-category.developer-tools";
				INFOPLIST_KEY_LSUIElement = YES;
				INFOPLIST_KEY_NSHumanReadableCopyright = "Copyright © 2026 Arif Datoo. MIT Licence.";
				MACOSX_DEPLOYMENT_TARGET = 14.0;
				MARKETING_VERSION = 0.1.0;
				MTL_ENABLE_DEBUG_INFO = NO;
				MTL_FAST_MATH = YES;
				PRODUCT_NAME = "$(TARGET_NAME)";
				SDKROOT = macosx;
				SWIFT_COMPILATION_MODE = wholemodule;
				SWIFT_OPTIMIZATION_LEVEL = "-O";
				SWIFT_TREAT_WARNINGS_AS_ERRORS = YES;
				SWIFT_VERSION = 6.0;
			};
			name = "Release-AppStore";
		};
		8B020743AF780D4694B2B9AD /* Debug-AppStore */ = {
			isa = XCBuildConfiguration;
			buildSettings = {
				ALWAYS_SEARCH_USER_PATHS = NO;
				ASSETCATALOG_COMPILER_GENERATE_SWIFT_ASSET_SYMBOL_EXTENSIONS = YES;
				CLANG_ANALYZER_NONNULL = YES;
				CLANG_ANALYZER_NUMBER_OBJECT_CONVERSION = YES_AGGRESSIVE;
				CLANG_CXX_LANGUAGE_STANDARD = "gnu++14";
				CLANG_CXX_LIBRARY = "libc++";
				CLANG_ENABLE_MODULES = YES;
				CLANG_ENABLE_OBJC_ARC = YES;
				CLANG_ENABLE_OBJC_WEAK = YES;
				CLANG_WARN_BLOCK_CAPTURE_AUTORELEASING = YES;
				CLANG_WARN_BOOL_CONVERSION = YES;
				CLANG_WARN_COMMA = YES;
				CLANG_WARN_CONSTANT_CONVERSION = YES;
				CLANG_WARN_DEPRECATED_OBJC_IMPLEMENTATIONS = YES;
				CLANG_WARN_DIRECT_OBJC_ISA_USAGE = YES_ERROR;
				CLANG_WARN_DOCUMENTATION_COMMENTS = YES;
				CLANG_WARN_EMPTY_BODY = YES;
				CLANG_WARN_ENUM_CONVERSION = YES;
				CLANG_WARN_INFINITE_RECURSION = YES;
				CLANG_WARN_INT_CONVERSION = YES;
				CLANG_WARN_NON_LITERAL_NULL_CONVERSION = YES;
				CLANG_WARN_OBJC_IMPLICIT_RETAIN_SELF = YES;
				CLANG_WARN_OBJC_LITERAL_CONVERSION = YES;
				CLANG_WARN_OBJC_ROOT_CLASS = YES_ERROR;
				CLANG_WARN_QUOTED_INCLUDE_IN_FRAMEWORK_HEADER = YES;
				CLANG_WARN_RANGE_LOOP_ANALYSIS = YES;
				CLANG_WARN_STRICT_PROTOTYPES = YES;
				CLANG_WARN_SUSPICIOUS_MOVE = YES;
				CLANG_WARN_UNGUARDED_AVAILABILITY = YES_AGGRESSIVE;
				CLANG_WARN_UNREACHABLE_CODE = YES;
				CLANG_WARN__DUPLICATE_METHOD_MATCH = YES;
				CODE_SIGN_STYLE = Automatic;
				COPY_PHASE_STRIP = NO;
				CURRENT_PROJECT_VERSION = 1;
				DEBUG_INFORMATION_FORMAT = dwarf;
				ENABLE_HARDENED_RUNTIME = YES;
				ENABLE_STRICT_OBJC_MSGSEND = YES;
				ENABLE_TESTABILITY = YES;
				GCC_C_LANGUAGE_STANDARD = gnu11;
				GCC_DYNAMIC_NO_PIC = NO;
				GCC_NO_COMMON_BLOCKS = YES;
				GCC_OPTIMIZATION_LEVEL = 0;
				GCC_PREPROCESSOR_DEFINITIONS = (
					"$(inherited)",
					"DEBUG=1",
				);
				GCC_TREAT_WARNINGS_AS_ERRORS = YES;
				GCC_WARN_64_TO_32_BIT_CONVERSION = YES;
				GCC_WARN_ABOUT_RETURN_TYPE = YES_ERROR;
				GCC_WARN_UNDECLARED_SELECTOR = YES;
				GCC_WARN_UNINITIALIZED_AUTOS = YES_AGGRESSIVE;
				GCC_WARN_UNUSED_FUNCTION = YES;
				GCC_WARN_UNUSED_VARIABLE = YES;
				GENERATE_INFOPLIST_FILE = YES;
				INFOPLIST_KEY_LSApplicationCategoryType = "public.app-category.developer-tools";
				INFOPLIST_KEY_LSUIElement = YES;
				INFOPLIST_KEY_NSHumanReadableCopyright = "Copyright © 2026 Arif Datoo. MIT Licence.";
				MACOSX_DEPLOYMENT_TARGET = 14.0;
				MARKETING_VERSION = 0.1.0;
				MTL_ENABLE_DEBUG_INFO = INCLUDE_SOURCE;
				MTL_FAST_MATH = YES;
				ONLY_ACTIVE_ARCH = YES;
				PRODUCT_NAME = "$(TARGET_NAME)";
				SDKROOT = macosx;
				SWIFT_ACTIVE_COMPILATION_CONDITIONS = DEBUG;
				SWIFT_OPTIMIZATION_LEVEL = "-Onone";
				SWIFT_TREAT_WARNINGS_AS_ERRORS = YES;
				SWIFT_VERSION = 6.0;
			};
			name = "Debug-AppStore";
		};
		9D899F249E3D8467290B7840 /* Release-AppStore */ = {
			isa = XCBuildConfiguration;
			buildSettings = {
				ASSETCATALOG_COMPILER_APPICON_NAME = AppIcon;
				CODE_SIGN_ENTITLEMENTS = "Quail/Quail-AppStore.entitlements";
				COMBINE_HIDPI_IMAGES = YES;
				INFOPLIST_KEY_CFBundleDisplayName = Quail;
				LD_RUNPATH_SEARCH_PATHS = (
					"$(inherited)",
					"@executable_path/../Frameworks",
				);
				PRODUCT_BUNDLE_IDENTIFIER = com.datoos.quail;
				PRODUCT_NAME = Quail;
				SDKROOT = macosx;
				SWIFT_ACTIVE_COMPILATION_CONDITIONS = APPSTORE;
			};
			name = "Release-AppStore";
		};
		A560C72B73A7821B49DA992D /* Debug-AppStore */ = {
			isa = XCBuildConfiguration;
			buildSettings = {
				ASSETCATALOG_COMPILER_APPICON_NAME = AppIcon;
				CODE_SIGN_ENTITLEMENTS = "Quail/Quail-AppStore.entitlements";
				COMBINE_HIDPI_IMAGES = YES;
				INFOPLIST_KEY_CFBundleDisplayName = Quail;
				LD_RUNPATH_SEARCH_PATHS = (
					"$(inherited)",
					"@executable_path/../Frameworks",
				);
				PRODUCT_BUNDLE_IDENTIFIER = com.datoos.quail;
				PRODUCT_NAME = Quail;
				SDKROOT = macosx;
				SWIFT_ACTIVE_COMPILATION_CONDITIONS = "DEBUG APPSTORE";
			};
			name = "Debug-AppStore";
		};
		AED4F1D33C3BBDF91D841308 /* Release */ = {
			isa = XCBuildConfiguration;
			buildSettings = {
				ALWAYS_SEARCH_USER_PATHS = NO;
				ASSETCATALOG_COMPILER_GENERATE_SWIFT_ASSET_SYMBOL_EXTENSIONS = YES;
				CLANG_ANALYZER_NONNULL = YES;
				CLANG_ANALYZER_NUMBER_OBJECT_CONVERSION = YES_AGGRESSIVE;
				CLANG_CXX_LANGUAGE_STANDARD = "gnu++14";
				CLANG_CXX_LIBRARY = "libc++";
				CLANG_ENABLE_MODULES = YES;
				CLANG_ENABLE_OBJC_ARC = YES;
				CLANG_ENABLE_OBJC_WEAK = YES;
				CLANG_WARN_BLOCK_CAPTURE_AUTORELEASING = YES;
				CLANG_WARN_BOOL_CONVERSION = YES;
				CLANG_WARN_COMMA = YES;
				CLANG_WARN_CONSTANT_CONVERSION = YES;
				CLANG_WARN_DEPRECATED_OBJC_IMPLEMENTATIONS = YES;
				CLANG_WARN_DIRECT_OBJC_ISA_USAGE = YES_ERROR;
				CLANG_WARN_DOCUMENTATION_COMMENTS = YES;
				CLANG_WARN_EMPTY_BODY = YES;
				CLANG_WARN_ENUM_CONVERSION = YES;
				CLANG_WARN_INFINITE_RECURSION = YES;
				CLANG_WARN_INT_CONVERSION = YES;
				CLANG_WARN_NON_LITERAL_NULL_CONVERSION = YES;
				CLANG_WARN_OBJC_IMPLICIT_RETAIN_SELF = YES;
				CLANG_WARN_OBJC_LITERAL_CONVERSION = YES;
				CLANG_WARN_OBJC_ROOT_CLASS = YES_ERROR;
				CLANG_WARN_QUOTED_INCLUDE_IN_FRAMEWORK_HEADER = YES;
				CLANG_WARN_RANGE_LOOP_ANALYSIS = YES;
				CLANG_WARN_STRICT_PROTOTYPES = YES;
				CLANG_WARN_SUSPICIOUS_MOVE = YES;
				CLANG_WARN_UNGUARDED_AVAILABILITY = YES_AGGRESSIVE;
				CLANG_WARN_UNREACHABLE_CODE = YES;
				CLANG_WARN__DUPLICATE_METHOD_MATCH = YES;
				CODE_SIGN_STYLE = Automatic;
				COPY_PHASE_STRIP = NO;
				CURRENT_PROJECT_VERSION = 1;
				DEBUG_INFORMATION_FORMAT = "dwarf-with-dsym";
				ENABLE_HARDENED_RUNTIME = YES;
				ENABLE_NS_ASSERTIONS = NO;
				ENABLE_STRICT_OBJC_MSGSEND = YES;
				GCC_C_LANGUAGE_STANDARD = gnu11;
				GCC_NO_COMMON_BLOCKS = YES;
				GCC_TREAT_WARNINGS_AS_ERRORS = YES;
				GCC_WARN_64_TO_32_BIT_CONVERSION = YES;
				GCC_WARN_ABOUT_RETURN_TYPE = YES_ERROR;
				GCC_WARN_UNDECLARED_SELECTOR = YES;
				GCC_WARN_UNINITIALIZED_AUTOS = YES_AGGRESSIVE;
				GCC_WARN_UNUSED_FUNCTION = YES;
				GCC_WARN_UNUSED_VARIABLE = YES;
				GENERATE_INFOPLIST_FILE = YES;
				INFOPLIST_KEY_LSApplicationCategoryType = "public.app-category.developer-tools";
				INFOPLIST_KEY_LSUIElement = YES;
				INFOPLIST_KEY_NSHumanReadableCopyright = "Copyright © 2026 Arif Datoo. MIT Licence.";
				MACOSX_DEPLOYMENT_TARGET = 14.0;
				MARKETING_VERSION = 0.1.0;
				MTL_ENABLE_DEBUG_INFO = NO;
				MTL_FAST_MATH = YES;
				PRODUCT_NAME = "$(TARGET_NAME)";
				SDKROOT = macosx;
				SWIFT_COMPILATION_MODE = wholemodule;
				SWIFT_OPTIMIZATION_LEVEL = "-O";
				SWIFT_TREAT_WARNINGS_AS_ERRORS = YES;
				SWIFT_VERSION = 6.0;
			};
			name = Release;
		};
		D521CD327FC6B87D5E95FE8D /* Release */ = {
			isa = XCBuildConfiguration;
			buildSettings = {
				BUNDLE_LOADER = "$(TEST_HOST)";
				COMBINE_HIDPI_IMAGES = YES;
				GENERATE_INFOPLIST_FILE = YES;
				LD_RUNPATH_SEARCH_PATHS = (
					"$(inherited)",
					"@executable_path/../Frameworks",
					"@loader_path/../Frameworks",
				);
				PRODUCT_BUNDLE_IDENTIFIER = com.datoos.quail.tests;
				SDKROOT = macosx;
				TEST_HOST = "$(BUILT_PRODUCTS_DIR)/Quail.app/Contents/MacOS/Quail";
			};
			name = Release;
		};
		E05BB0ABA726CBB3AA02B04F /* Debug */ = {
			isa = XCBuildConfiguration;
			buildSettings = {
				ASSETCATALOG_COMPILER_APPICON_NAME = AppIcon;
				CODE_SIGN_ENTITLEMENTS = Quail/Quail.entitlements;
				COMBINE_HIDPI_IMAGES = YES;
				INFOPLIST_KEY_CFBundleDisplayName = Quail;
				LD_RUNPATH_SEARCH_PATHS = (
					"$(inherited)",
					"@executable_path/../Frameworks",
				);
				PRODUCT_BUNDLE_IDENTIFIER = com.datoos.quail;
				PRODUCT_NAME = Quail;
				SDKROOT = macosx;
				SWIFT_ACTIVE_COMPILATION_CONDITIONS = DEBUG;
			};
			name = Debug;
		};
		E54CDB21D7AF229D85BB43F2 /* Release */ = {
			isa = XCBuildConfiguration;
			buildSettings = {
				ASSETCATALOG_COMPILER_APPICON_NAME = AppIcon;
				CODE_SIGN_ENTITLEMENTS = Quail/Quail.entitlements;
				COMBINE_HIDPI_IMAGES = YES;
				INFOPLIST_KEY_CFBundleDisplayName = Quail;
				LD_RUNPATH_SEARCH_PATHS = (
					"$(inherited)",
					"@executable_path/../Frameworks",
				);
				PRODUCT_BUNDLE_IDENTIFIER = com.datoos.quail;
				PRODUCT_NAME = Quail;
				SDKROOT = macosx;
			};
			name = Release;
		};
		EB7351F2145DF0ADF4580307 /* Debug-AppStore */ = {
			isa = XCBuildConfiguration;
			buildSettings = {
				BUNDLE_LOADER = "$(TEST_HOST)";
				COMBINE_HIDPI_IMAGES = YES;
				GENERATE_INFOPLIST_FILE = YES;
				LD_RUNPATH_SEARCH_PATHS = (
					"$(inherited)",
					"@executable_path/../Frameworks",
					"@loader_path/../Frameworks",
				);
				PRODUCT_BUNDLE_IDENTIFIER = com.datoos.quail.tests;
				SDKROOT = macosx;
				TEST_HOST = "$(BUILT_PRODUCTS_DIR)/Quail.app/Contents/MacOS/Quail";
			};
			name = "Debug-AppStore";
		};
/* End XCBuildConfiguration section */

/* Begin XCConfigurationList section */
		0017179FE5AB4CCC8FB26CB9 /* Build configuration list for PBXNativeTarget "QuailTests" */ = {
			isa = XCConfigurationList;
			buildConfigurations = (
				66458A2713858A8E5BDCED6C /* Debug */,
				EB7351F2145DF0ADF4580307 /* Debug-AppStore */,
				D521CD327FC6B87D5E95FE8D /* Release */,
				58A6A7D3CCAE865AE25A4F85 /* Release-AppStore */,
			);
			defaultConfigurationIsVisible = 0;
			defaultConfigurationName = Debug;
		};
		3B430F6F8BDF5060F21AEB71 /* Build configuration list for PBXNativeTarget "Quail" */ = {
			isa = XCConfigurationList;
			buildConfigurations = (
				E05BB0ABA726CBB3AA02B04F /* Debug */,
				A560C72B73A7821B49DA992D /* Debug-AppStore */,
				E54CDB21D7AF229D85BB43F2 /* Release */,
				9D899F249E3D8467290B7840 /* Release-AppStore */,
			);
			defaultConfigurationIsVisible = 0;
			defaultConfigurationName = Debug;
		};
		54EB6BEBF78758FEA57C8A31 /* Build configuration list for PBXProject "Quail" */ = {
			isa = XCConfigurationList;
			buildConfigurations = (
				48F3F880574CD50F5AC6975F /* Debug */,
				8B020743AF780D4694B2B9AD /* Debug-AppStore */,
				AED4F1D33C3BBDF91D841308 /* Release */,
				84E1300E82EF358022389EE2 /* Release-AppStore */,
			);
			defaultConfigurationIsVisible = 0;
			defaultConfigurationName = Debug;
		};
/* End XCConfigurationList section */
	};
	rootObject = AC0B5C9A209BCF66AE62F8B0 /* Project object */;
}
